Microsoft Visual Studio Solution File, Format Version 12.00
# Visual Studio Version 17
VisualStudioVersion = 17.8.0.0
MinimumVisualStudioVersion = 17.8.0.0
Project("{9A19103F-16F7-4668-BE54-9A1E7A4F7556}") = "OpenISP.Aspire.AppHost", "OpenISP.Aspire.AppHost\OpenISP.Aspire.AppHost.csproj", "{C7E519B6-DEB8-4104-9FA2-A76C8AFD862F}"
EndProject
Project("{9A19103F-16F7-4668-BE54-9A1E7A4F7556}") = "OpenISP.Aspire.ServiceDefaults", "OpenISP.Aspire.ServiceDefaults\OpenISP.Aspire.ServiceDefaults.csproj", "{7941EB66-3D90-41CD-B058-83D4AE324A48}"
EndProject
Global
	GlobalSection(SolutionConfigurationPlatforms) = preSolution
		Debug|Any CPU = Debug|Any CPU
		Release|Any CPU = Release|Any CPU
	EndGlobalSection
	GlobalSection(ProjectConfigurationPlatforms) = postSolution
		{C7E519B6-DEB8-4104-9FA2-A76C8AFD862F}.Debug|Any CPU.ActiveCfg = Debug|Any CPU
		{C7E519B6-DEB8-4104-9FA2-A76C8AFD862F}.Debug|Any CPU.Build.0 = Debug|Any CPU
		{C7E519B6-DEB8-4104-9FA2-A76C8AFD862F}.Release|Any CPU.ActiveCfg = Release|Any CPU
		{C7E519B6-DEB8-4104-9FA2-A76C8AFD862F}.Release|Any CPU.Build.0 = Release|Any CPU
		{7941EB66-3D90-41CD-B058-83D4AE324A48}.Debug|Any CPU.ActiveCfg = Debug|Any CPU
		{7941EB66-3D90-41CD-B058-83D4AE324A48}.Debug|Any CPU.Build.0 = Debug|Any CPU
		{7941EB66-3D90-41CD-B058-83D4AE324A48}.Release|Any CPU.ActiveCfg = Release|Any CPU
		{7941EB66-3D90-41CD-B058-83D4AE324A48}.Release|Any CPU.Build.0 = Release|Any CPU
	EndGlobalSection
	GlobalSection(SolutionProperties) = preSolution
		HideSolutionNode = FALSE
	EndGlobalSection
	GlobalSection(ExtensibilityGlobals) = postSolution
		SolutionGuid = {1C43C79D-A9F2-46A5-8FDF-36E29047AF1C}
	EndGlobalSection
EndGlobal
