Microsoft Visual Studio Solution File, Format Version 12.00
# Visual Studio Version 17
VisualStudioVersion = 17.8.0.0
MinimumVisualStudioVersion = 17.8.0.0
Project("{9A19103F-16F7-4668-BE54-9A1E7A4F7556}") = "OpenISP.Aspire.AppHost", "OpenISP.Aspire.AppHost\OpenISP.Aspire.AppHost.csproj", "{608E5281-4E0A-4DEF-B897-D7CC3619F5DF}"
EndProject
Project("{9A19103F-16F7-4668-BE54-9A1E7A4F7556}") = "OpenISP.Aspire.ServiceDefaults", "OpenISP.Aspire.ServiceDefaults\OpenISP.Aspire.ServiceDefaults.csproj", "{7F1FBC23-7009-4170-A446-03937A6F0786}"
EndProject
Global
	GlobalSection(SolutionConfigurationPlatforms) = preSolution
		Debug|Any CPU = Debug|Any CPU
		Release|Any CPU = Release|Any CPU
	EndGlobalSection
	GlobalSection(ProjectConfigurationPlatforms) = postSolution
		{608E5281-4E0A-4DEF-B897-D7CC3619F5DF}.Debug|Any CPU.ActiveCfg = Debug|Any CPU
		{608E5281-4E0A-4DEF-B897-D7CC3619F5DF}.Debug|Any CPU.Build.0 = Debug|Any CPU
		{608E5281-4E0A-4DEF-B897-D7CC3619F5DF}.Release|Any CPU.ActiveCfg = Release|Any CPU
		{608E5281-4E0A-4DEF-B897-D7CC3619F5DF}.Release|Any CPU.Build.0 = Release|Any CPU
		{7F1FBC23-7009-4170-A446-03937A6F0786}.Debug|Any CPU.ActiveCfg = Debug|Any CPU
		{7F1FBC23-7009-4170-A446-03937A6F0786}.Debug|Any CPU.Build.0 = Debug|Any CPU
		{7F1FBC23-7009-4170-A446-03937A6F0786}.Release|Any CPU.ActiveCfg = Release|Any CPU
		{7F1FBC23-7009-4170-A446-03937A6F0786}.Release|Any CPU.Build.0 = Release|Any CPU
	EndGlobalSection
	GlobalSection(SolutionProperties) = preSolution
		HideSolutionNode = FALSE
	EndGlobalSection
	GlobalSection(ExtensibilityGlobals) = postSolution
		SolutionGuid = {045C6D72-0236-48EA-9BFC-120AC03C3770}
	EndGlobalSection
EndGlobal
