
Microsoft Visual Studio Solution File, Format Version 12.00
# Visual Studio Version 17
VisualStudioVersion = 17.5.2.0
MinimumVisualStudioVersion = 10.0.40219.1
Project("{9A19103F-16F7-4668-BE54-9A1E7A4F7556}") = "OpenISP", "OpenISP\OpenISP.csproj", "{E3338D37-FF50-4A34-96BD-2716ED93F1E2}"
EndProject
Project("{9A19103F-16F7-4668-BE54-9A1E7A4F7556}") = "OpenISP.Shared", "OpenISP.Shared\OpenISP.Shared.csproj", "{1AA5F22B-62F8-414F-AE50-635E99EB3F76}"
EndProject
Project("{9A19103F-16F7-4668-BE54-9A1E7A4F7556}") = "OpenISP.Web", "OpenISP.Web\OpenISP.Web.csproj", "{C2800ABA-8C19-4553-A552-BFF679BEB039}"
EndProject
Project("{2150E333-8FDC-42A3-9474-1A3956D46DE8}") = "OpenISP.Aspire", "OpenISP.Aspire", "{36B9D772-8F28-347F-D44C-B643A5EE7113}"
EndProject
Project("{FAE04EC0-301F-11D3-BF4B-00C04F79EFBC}") = "OpenISP.Aspire.AppHost", "OpenISP.Aspire\OpenISP.Aspire.AppHost\OpenISP.Aspire.AppHost.csproj", "{A5BFC2C9-F26F-4A5D-962B-C075FF13DA9F}"
EndProject
Project("{FAE04EC0-301F-11D3-BF4B-00C04F79EFBC}") = "OpenISP.Aspire.ServiceDefaults", "OpenISP.Aspire\OpenISP.Aspire.ServiceDefaults\OpenISP.Aspire.ServiceDefaults.csproj", "{9DB82267-EBF0-4123-B561-852FBE398F2F}"
EndProject
Global
	GlobalSection(SolutionConfigurationPlatforms) = preSolution
		Debug|Any CPU = Debug|Any CPU
		Debug|ARM64 = Debug|ARM64
		Debug|x64 = Debug|x64
		Debug|x86 = Debug|x86
		Release|Any CPU = Release|Any CPU
		Release|ARM64 = Release|ARM64
		Release|x64 = Release|x64
		Release|x86 = Release|x86
	EndGlobalSection
	GlobalSection(ProjectConfigurationPlatforms) = postSolution
		{E3338D37-FF50-4A34-96BD-2716ED93F1E2}.Debug|Any CPU.ActiveCfg = Debug|Any CPU
		{E3338D37-FF50-4A34-96BD-2716ED93F1E2}.Debug|Any CPU.Build.0 = Debug|Any CPU
		{E3338D37-FF50-4A34-96BD-2716ED93F1E2}.Debug|Any CPU.Deploy.0 = Debug|Any CPU
		{E3338D37-FF50-4A34-96BD-2716ED93F1E2}.Debug|ARM64.ActiveCfg = Debug|Any CPU
		{E3338D37-FF50-4A34-96BD-2716ED93F1E2}.Debug|ARM64.Build.0 = Debug|Any CPU
		{E3338D37-FF50-4A34-96BD-2716ED93F1E2}.Debug|ARM64.Deploy.0 = Debug|Any CPU
		{E3338D37-FF50-4A34-96BD-2716ED93F1E2}.Debug|x64.ActiveCfg = Debug|Any CPU
		{E3338D37-FF50-4A34-96BD-2716ED93F1E2}.Debug|x64.Build.0 = Debug|Any CPU
		{E3338D37-FF50-4A34-96BD-2716ED93F1E2}.Debug|x64.Deploy.0 = Debug|Any CPU
		{E3338D37-FF50-4A34-96BD-2716ED93F1E2}.Debug|x86.ActiveCfg = Debug|Any CPU
		{E3338D37-FF50-4A34-96BD-2716ED93F1E2}.Debug|x86.Build.0 = Debug|Any CPU
		{E3338D37-FF50-4A34-96BD-2716ED93F1E2}.Debug|x86.Deploy.0 = Debug|Any CPU
		{E3338D37-FF50-4A34-96BD-2716ED93F1E2}.Release|Any CPU.ActiveCfg = Release|Any CPU
		{E3338D37-FF50-4A34-96BD-2716ED93F1E2}.Release|Any CPU.Build.0 = Release|Any CPU
		{E3338D37-FF50-4A34-96BD-2716ED93F1E2}.Release|Any CPU.Deploy.0 = Release|Any CPU
		{E3338D37-FF50-4A34-96BD-2716ED93F1E2}.Release|ARM64.ActiveCfg = Release|Any CPU
		{E3338D37-FF50-4A34-96BD-2716ED93F1E2}.Release|ARM64.Build.0 = Release|Any CPU
		{E3338D37-FF50-4A34-96BD-2716ED93F1E2}.Release|ARM64.Deploy.0 = Release|Any CPU
		{E3338D37-FF50-4A34-96BD-2716ED93F1E2}.Release|x64.ActiveCfg = Release|Any CPU
		{E3338D37-FF50-4A34-96BD-2716ED93F1E2}.Release|x64.Build.0 = Release|Any CPU
		{E3338D37-FF50-4A34-96BD-2716ED93F1E2}.Release|x64.Deploy.0 = Release|Any CPU
		{E3338D37-FF50-4A34-96BD-2716ED93F1E2}.Release|x86.ActiveCfg = Release|Any CPU
		{E3338D37-FF50-4A34-96BD-2716ED93F1E2}.Release|x86.Build.0 = Release|Any CPU
		{E3338D37-FF50-4A34-96BD-2716ED93F1E2}.Release|x86.Deploy.0 = Release|Any CPU
		{1AA5F22B-62F8-414F-AE50-635E99EB3F76}.Debug|Any CPU.ActiveCfg = Debug|Any CPU
		{1AA5F22B-62F8-414F-AE50-635E99EB3F76}.Debug|Any CPU.Build.0 = Debug|Any CPU
		{1AA5F22B-62F8-414F-AE50-635E99EB3F76}.Debug|ARM64.ActiveCfg = Debug|Any CPU
		{1AA5F22B-62F8-414F-AE50-635E99EB3F76}.Debug|ARM64.Build.0 = Debug|Any CPU
		{1AA5F22B-62F8-414F-AE50-635E99EB3F76}.Debug|x64.ActiveCfg = Debug|Any CPU
		{1AA5F22B-62F8-414F-AE50-635E99EB3F76}.Debug|x64.Build.0 = Debug|Any CPU
		{1AA5F22B-62F8-414F-AE50-635E99EB3F76}.Debug|x86.ActiveCfg = Debug|Any CPU
		{1AA5F22B-62F8-414F-AE50-635E99EB3F76}.Debug|x86.Build.0 = Debug|Any CPU
		{1AA5F22B-62F8-414F-AE50-635E99EB3F76}.Release|Any CPU.ActiveCfg = Release|Any CPU
		{1AA5F22B-62F8-414F-AE50-635E99EB3F76}.Release|Any CPU.Build.0 = Release|Any CPU
		{1AA5F22B-62F8-414F-AE50-635E99EB3F76}.Release|ARM64.ActiveCfg = Release|Any CPU
		{1AA5F22B-62F8-414F-AE50-635E99EB3F76}.Release|ARM64.Build.0 = Release|Any CPU
		{1AA5F22B-62F8-414F-AE50-635E99EB3F76}.Release|x64.ActiveCfg = Release|Any CPU
		{1AA5F22B-62F8-414F-AE50-635E99EB3F76}.Release|x64.Build.0 = Release|Any CPU
		{1AA5F22B-62F8-414F-AE50-635E99EB3F76}.Release|x86.ActiveCfg = Release|Any CPU
		{1AA5F22B-62F8-414F-AE50-635E99EB3F76}.Release|x86.Build.0 = Release|Any CPU
		{C2800ABA-8C19-4553-A552-BFF679BEB039}.Debug|Any CPU.ActiveCfg = Debug|Any CPU
		{C2800ABA-8C19-4553-A552-BFF679BEB039}.Debug|Any CPU.Build.0 = Debug|Any CPU
		{C2800ABA-8C19-4553-A552-BFF679BEB039}.Debug|Any CPU.Deploy.0 = Debug|Any CPU
		{C2800ABA-8C19-4553-A552-BFF679BEB039}.Debug|ARM64.ActiveCfg = Debug|Any CPU
		{C2800ABA-8C19-4553-A552-BFF679BEB039}.Debug|ARM64.Build.0 = Debug|Any CPU
		{C2800ABA-8C19-4553-A552-BFF679BEB039}.Debug|ARM64.Deploy.0 = Debug|Any CPU
		{C2800ABA-8C19-4553-A552-BFF679BEB039}.Debug|x64.ActiveCfg = Debug|Any CPU
		{C2800ABA-8C19-4553-A552-BFF679BEB039}.Debug|x64.Build.0 = Debug|Any CPU
		{C2800ABA-8C19-4553-A552-BFF679BEB039}.Debug|x64.Deploy.0 = Debug|Any CPU
		{C2800ABA-8C19-4553-A552-BFF679BEB039}.Debug|x86.ActiveCfg = Debug|Any CPU
		{C2800ABA-8C19-4553-A552-BFF679BEB039}.Debug|x86.Build.0 = Debug|Any CPU
		{C2800ABA-8C19-4553-A552-BFF679BEB039}.Debug|x86.Deploy.0 = Debug|Any CPU
		{C2800ABA-8C19-4553-A552-BFF679BEB039}.Release|Any CPU.ActiveCfg = Release|Any CPU
		{C2800ABA-8C19-4553-A552-BFF679BEB039}.Release|Any CPU.Build.0 = Release|Any CPU
		{C2800ABA-8C19-4553-A552-BFF679BEB039}.Release|Any CPU.Deploy.0 = Release|Any CPU
		{C2800ABA-8C19-4553-A552-BFF679BEB039}.Release|ARM64.ActiveCfg = Release|Any CPU
		{C2800ABA-8C19-4553-A552-BFF679BEB039}.Release|ARM64.Build.0 = Release|Any CPU
		{C2800ABA-8C19-4553-A552-BFF679BEB039}.Release|ARM64.Deploy.0 = Release|Any CPU
		{C2800ABA-8C19-4553-A552-BFF679BEB039}.Release|x64.ActiveCfg = Release|Any CPU
		{C2800ABA-8C19-4553-A552-BFF679BEB039}.Release|x64.Build.0 = Release|Any CPU
		{C2800ABA-8C19-4553-A552-BFF679BEB039}.Release|x64.Deploy.0 = Release|Any CPU
		{C2800ABA-8C19-4553-A552-BFF679BEB039}.Release|x86.ActiveCfg = Release|Any CPU
		{C2800ABA-8C19-4553-A552-BFF679BEB039}.Release|x86.Build.0 = Release|Any CPU
		{C2800ABA-8C19-4553-A552-BFF679BEB039}.Release|x86.Deploy.0 = Release|Any CPU
		{A5BFC2C9-F26F-4A5D-962B-C075FF13DA9F}.Debug|Any CPU.ActiveCfg = Debug|Any CPU
		{A5BFC2C9-F26F-4A5D-962B-C075FF13DA9F}.Debug|Any CPU.Build.0 = Debug|Any CPU
		{A5BFC2C9-F26F-4A5D-962B-C075FF13DA9F}.Debug|ARM64.ActiveCfg = Debug|Any CPU
		{A5BFC2C9-F26F-4A5D-962B-C075FF13DA9F}.Debug|ARM64.Build.0 = Debug|Any CPU
		{A5BFC2C9-F26F-4A5D-962B-C075FF13DA9F}.Debug|x64.ActiveCfg = Debug|Any CPU
		{A5BFC2C9-F26F-4A5D-962B-C075FF13DA9F}.Debug|x64.Build.0 = Debug|Any CPU
		{A5BFC2C9-F26F-4A5D-962B-C075FF13DA9F}.Debug|x86.ActiveCfg = Debug|Any CPU
		{A5BFC2C9-F26F-4A5D-962B-C075FF13DA9F}.Debug|x86.Build.0 = Debug|Any CPU
		{A5BFC2C9-F26F-4A5D-962B-C075FF13DA9F}.Release|Any CPU.ActiveCfg = Release|Any CPU
		{A5BFC2C9-F26F-4A5D-962B-C075FF13DA9F}.Release|Any CPU.Build.0 = Release|Any CPU
		{A5BFC2C9-F26F-4A5D-962B-C075FF13DA9F}.Release|ARM64.ActiveCfg = Release|Any CPU
		{A5BFC2C9-F26F-4A5D-962B-C075FF13DA9F}.Release|ARM64.Build.0 = Release|Any CPU
		{A5BFC2C9-F26F-4A5D-962B-C075FF13DA9F}.Release|x64.ActiveCfg = Release|Any CPU
		{A5BFC2C9-F26F-4A5D-962B-C075FF13DA9F}.Release|x64.Build.0 = Release|Any CPU
		{A5BFC2C9-F26F-4A5D-962B-C075FF13DA9F}.Release|x86.ActiveCfg = Release|Any CPU
		{A5BFC2C9-F26F-4A5D-962B-C075FF13DA9F}.Release|x86.Build.0 = Release|Any CPU
		{9DB82267-EBF0-4123-B561-852FBE398F2F}.Debug|Any CPU.ActiveCfg = Debug|Any CPU
		{9DB82267-EBF0-4123-B561-852FBE398F2F}.Debug|Any CPU.Build.0 = Debug|Any CPU
		{9DB82267-EBF0-4123-B561-852FBE398F2F}.Debug|ARM64.ActiveCfg = Debug|Any CPU
		{9DB82267-EBF0-4123-B561-852FBE398F2F}.Debug|ARM64.Build.0 = Debug|Any CPU
		{9DB82267-EBF0-4123-B561-852FBE398F2F}.Debug|x64.ActiveCfg = Debug|Any CPU
		{9DB82267-EBF0-4123-B561-852FBE398F2F}.Debug|x64.Build.0 = Debug|Any CPU
		{9DB82267-EBF0-4123-B561-852FBE398F2F}.Debug|x86.ActiveCfg = Debug|Any CPU
		{9DB82267-EBF0-4123-B561-852FBE398F2F}.Debug|x86.Build.0 = Debug|Any CPU
		{9DB82267-EBF0-4123-B561-852FBE398F2F}.Release|Any CPU.ActiveCfg = Release|Any CPU
		{9DB82267-EBF0-4123-B561-852FBE398F2F}.Release|Any CPU.Build.0 = Release|Any CPU
		{9DB82267-EBF0-4123-B561-852FBE398F2F}.Release|ARM64.ActiveCfg = Release|Any CPU
		{9DB82267-EBF0-4123-B561-852FBE398F2F}.Release|ARM64.Build.0 = Release|Any CPU
		{9DB82267-EBF0-4123-B561-852FBE398F2F}.Release|x64.ActiveCfg = Release|Any CPU
		{9DB82267-EBF0-4123-B561-852FBE398F2F}.Release|x64.Build.0 = Release|Any CPU
		{9DB82267-EBF0-4123-B561-852FBE398F2F}.Release|x86.ActiveCfg = Release|Any CPU
		{9DB82267-EBF0-4123-B561-852FBE398F2F}.Release|x86.Build.0 = Release|Any CPU
	EndGlobalSection
	GlobalSection(SolutionProperties) = preSolution
		HideSolutionNode = FALSE
	EndGlobalSection
	GlobalSection(NestedProjects) = preSolution
		{A5BFC2C9-F26F-4A5D-962B-C075FF13DA9F} = {36B9D772-8F28-347F-D44C-B643A5EE7113}
		{9DB82267-EBF0-4123-B561-852FBE398F2F} = {36B9D772-8F28-347F-D44C-B643A5EE7113}
	EndGlobalSection
	GlobalSection(ExtensibilityGlobals) = postSolution
		SolutionGuid = {20E6FD03-9002-4EBA-ABF2-9DDE2C488842}
	EndGlobalSection
EndGlobal
